
Microsoft Visual Studio Solution File, Format Version 12.00
# Visual Studio Version 17
VisualStudioVersion = 17.7.34202.233
MinimumVisualStudioVersion = 10.0.40219.1
Project("{FAE04EC0-301F-11D3-BF4B-00C04F79EFBC}") = "AnimecatalogAPI", "AnimecatalogAPI\AnimecatalogAPI.csproj", "{493E0D3F-0F5E-4E45-B170-D81F37518526}"
EndProject
Global
	GlobalSection(SolutionConfigurationPlatforms) = preSolution
		Debug|Any CPU = Debug|Any CPU
		Release|Any CPU = Release|Any CPU
	EndGlobalSection
	GlobalSection(ProjectConfigurationPlatforms) = postSolution
		{493E0D3F-0F5E-4E45-B170-D81F37518526}.Debug|Any CPU.ActiveCfg = Debug|Any CPU
		{493E0D3F-0F5E-4E45-B170-D81F37518526}.Debug|Any CPU.Build.0 = Debug|Any CPU
		{493E0D3F-0F5E-4E45-B170-D81F37518526}.Release|Any CPU.ActiveCfg = Release|Any CPU
		{493E0D3F-0F5E-4E45-B170-D81F37518526}.Release|Any CPU.Build.0 = Release|Any CPU
	EndGlobalSection
	GlobalSection(SolutionProperties) = preSolution
		HideSolutionNode = FALSE
	EndGlobalSection
	GlobalSection(ExtensibilityGlobals) = postSolution
		SolutionGuid = {AF46A765-EA03-42F2-B919-612F546B491A}
	EndGlobalSection
EndGlobal
